{
  "name": "@fairweben/fair-shop",
  "version": "1.0.0",
  "lockfileVersion": 1,
  "requires": true,
  "dependencies": {
    "@polymer/app-layout": {
      "version": "3.0.0-pre.21",
      "resolved": "https://registry.npmjs.org/@polymer/app-layout/-/app-layout-3.0.0-pre.21.tgz",
      "integrity": "sha512-yQpUQR3zFJWb/sS5wU1prcuyjL6yzKD7L+qRoK0TYLcS7kHO6k3vB4ufHg//lN4HHhOvw3Q5dwe2bgVdlm0ELw==",
      "requires": {
        "@polymer/iron-flex-layout": "3.0.0-pre.21",
        "@polymer/iron-media-query": "3.0.0-pre.21",
        "@polymer/iron-resizable-behavior": "3.0.0-pre.21",
        "@polymer/iron-scroll-target-behavior": "3.0.0-pre.21",
        "@polymer/polymer": "3.0.2"
      }
    },
    "@polymer/app-route": {
      "version": "3.0.0-pre.21",
      "resolved": "https://registry.npmjs.org/@polymer/app-route/-/app-route-3.0.0-pre.21.tgz",
      "integrity": "sha512-LNYGgz9s4Gi/ykjJbOvTaqbM7fPlhZzhhfrQt/2WPc6/qCNzCKT2G3qqYUiMFnMvjIrAIT6Bqn8GAMFFUHQVQw==",
      "requires": {
        "@polymer/iron-location": "3.0.0-pre.21",
        "@polymer/polymer": "3.0.2"
      }
    },
    "@polymer/font-roboto": {
      "version": "3.0.0-pre.21",
      "resolved": "https://registry.npmjs.org/@polymer/font-roboto/-/font-roboto-3.0.0-pre.21.tgz",
      "integrity": "sha512-1DnYDaoyTeSmZzocj7jhHS8tM1j+FJNTrMEOyudLKF8sqGzmlz48XyMRbt4RL4pO9szz5vJ8xhS+4WUPHFj9OA=="
    },
    "@polymer/iron-a11y-announcer": {
      "version": "3.0.0-pre.21",
      "resolved": "https://registry.npmjs.org/@polymer/iron-a11y-announcer/-/iron-a11y-announcer-3.0.0-pre.21.tgz",
      "integrity": "sha512-n35ck7y5aQweRxK2JvEe7sFE/LbUd/b5EW8tYPa/96iZw1qcTHWtIKdMJjDH18YroKVFH4Ncz4/0Xg7GChLhvA==",
      "requires": {
        "@polymer/polymer": "3.0.2"
      }
    },
    "@polymer/iron-a11y-keys-behavior": {
      "version": "3.0.0-pre.21",
      "resolved": "https://registry.npmjs.org/@polymer/iron-a11y-keys-behavior/-/iron-a11y-keys-behavior-3.0.0-pre.21.tgz",
      "integrity": "sha512-fdADeKVQsZ7Izg5H6pOM9VVFWMTVUGgMfGr6jzEW0ehZT6N7bTzBIjft2r8sh3qSx2zCUxQEgUUDoeXE9/yROA==",
      "requires": {
        "@polymer/polymer": "3.0.2"
      }
    },
    "@polymer/iron-ajax": {
      "version": "3.0.0-pre.21",
      "resolved": "https://registry.npmjs.org/@polymer/iron-ajax/-/iron-ajax-3.0.0-pre.21.tgz",
      "integrity": "sha512-ThdEkmsyAwfEsz8l08uiDp0rHzBe+aCPix+wqsomxoZf7zpUtCr7k8EDhp1u9CLxNO7HRv4SPApM110GVAQA9Q==",
      "requires": {
        "@polymer/polymer": "3.0.2"
      }
    },
    "@polymer/iron-behaviors": {
      "version": "3.0.0-pre.21",
      "resolved": "https://registry.npmjs.org/@polymer/iron-behaviors/-/iron-behaviors-3.0.0-pre.21.tgz",
      "integrity": "sha512-sxdLri6CMNs6kty8sPDYGuAX9LofbEn2r/qI3QkJZUXFZhZUSGwCmoDt9yMWffNSamUsEDURLafYW09jOEhtRQ==",
      "requires": {
        "@polymer/iron-a11y-keys-behavior": "3.0.0-pre.21",
        "@polymer/polymer": "3.0.2"
      }
    },
    "@polymer/iron-checked-element-behavior": {
      "version": "3.0.0-pre.21",
      "resolved": "https://registry.npmjs.org/@polymer/iron-checked-element-behavior/-/iron-checked-element-behavior-3.0.0-pre.21.tgz",
      "integrity": "sha512-ZpyKomXudcOM1vGvfqwFkrlTumChStbNy5rRFKbdCbsUeZsXV83LIHfkXxMhJJ5hEIExvK4pDcnv/wEdFggXPQ==",
      "requires": {
        "@polymer/iron-form-element-behavior": "3.0.0-pre.21",
        "@polymer/iron-validatable-behavior": "3.0.0-pre.21",
        "@polymer/polymer": "3.0.2"
      }
    },
    "@polymer/iron-fit-behavior": {
      "version": "3.0.0-pre.21",
      "resolved": "https://registry.npmjs.org/@polymer/iron-fit-behavior/-/iron-fit-behavior-3.0.0-pre.21.tgz",
      "integrity": "sha512-j3F59w4xGfVbmw8PQruQz4b7tHpi2cmgVeuOuQM6eG0+wA6hu5O2I+LYJCQmCLuQN8LzFjATTOCDfhlDb2Pfcg==",
      "requires": {
        "@polymer/polymer": "3.0.2"
      }
    },
    "@polymer/iron-flex-layout": {
      "version": "3.0.0-pre.21",
      "resolved": "https://registry.npmjs.org/@polymer/iron-flex-layout/-/iron-flex-layout-3.0.0-pre.21.tgz",
      "integrity": "sha512-/GFBWLBhpzycXmdyS+rzQxCa/ssCX5ZGEa0M/oMRsUK/hUKrj/XBNNYZ3BlyHf2NHELNqnwZLcIZB5EPjA0uwg==",
      "requires": {
        "@polymer/polymer": "3.0.2"
      }
    },
    "@polymer/iron-form-element-behavior": {
      "version": "3.0.0-pre.21",
      "resolved": "https://registry.npmjs.org/@polymer/iron-form-element-behavior/-/iron-form-element-behavior-3.0.0-pre.21.tgz",
      "integrity": "sha512-E9oS0ryZw7FPQ/XMmBaKScyv8l/z86kKpIfXm+WLbqapu5FIuNE54z/73QUs5uoKI+H8gR9UL48mzZGCiGEMDw==",
      "requires": {
        "@polymer/polymer": "3.0.2"
      }
    },
    "@polymer/iron-icon": {
      "version": "3.0.0-pre.21",
      "resolved": "https://registry.npmjs.org/@polymer/iron-icon/-/iron-icon-3.0.0-pre.21.tgz",
      "integrity": "sha512-B/6ncM/JiKYOCkYtIsgztZuMzmMWAR5POGQ0r7TU0RaBzKstqTvn6NfRHeNzYjsOwBMse/wA6/qvgvCRgx6kWw==",
      "requires": {
        "@polymer/iron-flex-layout": "3.0.0-pre.21",
        "@polymer/iron-meta": "3.0.0-pre.21",
        "@polymer/polymer": "3.0.2"
      }
    },
    "@polymer/iron-icons": {
      "version": "3.0.0-pre.21",
      "resolved": "https://registry.npmjs.org/@polymer/iron-icons/-/iron-icons-3.0.0-pre.21.tgz",
      "integrity": "sha512-ExwaHlToVXl3BN3y2sYiutVqf9+vrnVx8/PdaNkwvDaBt1RTyeGN5EP3YGvKsaF17yq9TlJsnLOANvf1koO/XA==",
      "requires": {
        "@polymer/iron-icon": "3.0.0-pre.21",
        "@polymer/iron-iconset-svg": "3.0.0-pre.21",
        "@polymer/polymer": "3.0.2"
      }
    },
    "@polymer/iron-iconset-svg": {
      "version": "3.0.0-pre.21",
      "resolved": "https://registry.npmjs.org/@polymer/iron-iconset-svg/-/iron-iconset-svg-3.0.0-pre.21.tgz",
      "integrity": "sha512-YWdX3QROFHKsGds9wUDbD2u1hN6uG6oG4fEu/F16aHFQg9tu2oiSyRspGsOQlXJ28177Qc2rxQ1Kp8GdlzpMbw==",
      "requires": {
        "@polymer/iron-meta": "3.0.0-pre.21",
        "@polymer/polymer": "3.0.2"
      }
    },
    "@polymer/iron-input": {
      "version": "3.0.0-pre.21",
      "resolved": "https://registry.npmjs.org/@polymer/iron-input/-/iron-input-3.0.0-pre.21.tgz",
      "integrity": "sha512-76XxEoP6rugsEma+V1nIV8Nd76hqhseQ+bBf6Sgda69bUvanxCmVs4TOVXSnh3SnfptBUfENVws3akJKrTgoLg==",
      "requires": {
        "@polymer/iron-a11y-announcer": "3.0.0-pre.21",
        "@polymer/iron-validatable-behavior": "3.0.0-pre.21",
        "@polymer/polymer": "3.0.2"
      }
    },
    "@polymer/iron-location": {
      "version": "3.0.0-pre.21",
      "resolved": "https://registry.npmjs.org/@polymer/iron-location/-/iron-location-3.0.0-pre.21.tgz",
      "integrity": "sha512-NIAAGKkvUkfkVg3lge4r66WdcTXTZfhNwADWwh5REcM5rubqMWb6PKb+K/6bumDEODYtI5waL3ewOeFMdONUHA==",
      "requires": {
        "@polymer/polymer": "3.0.2"
      }
    },
    "@polymer/iron-media-query": {
      "version": "3.0.0-pre.21",
      "resolved": "https://registry.npmjs.org/@polymer/iron-media-query/-/iron-media-query-3.0.0-pre.21.tgz",
      "integrity": "sha512-hvuNZj53XBU6LDU93VDkOozH3Kn6Gd7hsi/KlOCHPocQFhCz+ChM3uSfC7Jf0cBLvS1VpH0hxUDAvQNlrx9H/w==",
      "requires": {
        "@polymer/polymer": "3.0.2"
      }
    },
    "@polymer/iron-menu-behavior": {
      "version": "3.0.0-pre.21",
      "resolved": "https://registry.npmjs.org/@polymer/iron-menu-behavior/-/iron-menu-behavior-3.0.0-pre.21.tgz",
      "integrity": "sha512-HYd2YTLFAvOQ1Q8+eEE0imPpo+l/MPTtyh7jR14JuphWjCLzv/S0gba+CTmsVGKozLIkI+eDH2WwDLaP2q+76A==",
      "requires": {
        "@polymer/iron-a11y-keys-behavior": "3.0.0-pre.21",
        "@polymer/iron-flex-layout": "3.0.0-pre.21",
        "@polymer/iron-selector": "3.0.0-pre.21",
        "@polymer/polymer": "3.0.2"
      }
    },
    "@polymer/iron-meta": {
      "version": "3.0.0-pre.21",
      "resolved": "https://registry.npmjs.org/@polymer/iron-meta/-/iron-meta-3.0.0-pre.21.tgz",
      "integrity": "sha512-RR24zD2t4rSJyjisMo5Cfy200FFYrsmRDZSX8wk1JdaDHVWLgq9DM1aa7/B7WI7sEWkckzVZPBthRFVB+PmVwA==",
      "requires": {
        "@polymer/polymer": "3.0.2"
      }
    },
    "@polymer/iron-overlay-behavior": {
      "version": "3.0.0-pre.21",
      "resolved": "https://registry.npmjs.org/@polymer/iron-overlay-behavior/-/iron-overlay-behavior-3.0.0-pre.21.tgz",
      "integrity": "sha512-aHGtygYEXmFu0Y13vLuBfXm/obNlGnb4JdKCycB931ugfrloEwYo+8DcPyWdc3J0dMJDhv7pH8VZJglNdUQjZA==",
      "requires": {
        "@polymer/iron-a11y-keys-behavior": "3.0.0-pre.21",
        "@polymer/iron-fit-behavior": "3.0.0-pre.21",
        "@polymer/iron-resizable-behavior": "3.0.0-pre.21",
        "@polymer/polymer": "3.0.2"
      }
    },
    "@polymer/iron-pages": {
      "version": "3.0.0-pre.21",
      "resolved": "https://registry.npmjs.org/@polymer/iron-pages/-/iron-pages-3.0.0-pre.21.tgz",
      "integrity": "sha512-RriSSsfOeSPjhcb8gujCsQ7um0611yDkk14MYoAZwH6rIfnZhsXco4+lsAMbMtU4GhVLLC4+jutGKCXzFVhpLg==",
      "requires": {
        "@polymer/iron-resizable-behavior": "3.0.0-pre.21",
        "@polymer/iron-selector": "3.0.0-pre.21",
        "@polymer/polymer": "3.0.2"
      }
    },
    "@polymer/iron-resizable-behavior": {
      "version": "3.0.0-pre.21",
      "resolved": "https://registry.npmjs.org/@polymer/iron-resizable-behavior/-/iron-resizable-behavior-3.0.0-pre.21.tgz",
      "integrity": "sha512-V27DpRXUofbz8K43U5ITC2N/LIrqIrrmaslNxrnasTheiDiienpZDFBTCjO+eGz61Cijjs39VIEYF9TezbDY8A==",
      "requires": {
        "@polymer/polymer": "3.0.2"
      }
    },
    "@polymer/iron-scroll-target-behavior": {
      "version": "3.0.0-pre.21",
      "resolved": "https://registry.npmjs.org/@polymer/iron-scroll-target-behavior/-/iron-scroll-target-behavior-3.0.0-pre.21.tgz",
      "integrity": "sha512-bHW5eKtXmSHzZbMAo7cUgORkLKToMawY4+jHQCUyghmX+pRCnedOF56YJW96Ix60/NzU1SLrEin1RMDjlISw/w==",
      "requires": {
        "@polymer/polymer": "3.0.2"
      }
    },
    "@polymer/iron-selector": {
      "version": "3.0.0-pre.21",
      "resolved": "https://registry.npmjs.org/@polymer/iron-selector/-/iron-selector-3.0.0-pre.21.tgz",
      "integrity": "sha512-vfBRGY1EggP/mk7AbZAzVfYaPVh+ZCcH4mX8QccW8ZTrU0F6QXhoPAgss0gAFc+pz79C3irqDfVvoViQrmOUDw==",
      "requires": {
        "@polymer/polymer": "3.0.2"
      }
    },
    "@polymer/iron-validatable-behavior": {
      "version": "3.0.0-pre.21",
      "resolved": "https://registry.npmjs.org/@polymer/iron-validatable-behavior/-/iron-validatable-behavior-3.0.0-pre.21.tgz",
      "integrity": "sha512-G4yxCe2xp9+jJ0MkjqC26MKo1FqsvUrnmqpCtJiVBLlpZEUx1b2lZz2ZzynXpnisg9EuZ3xtHtOge5UFTNoG+w==",
      "requires": {
        "@polymer/iron-meta": "3.0.0-pre.21",
        "@polymer/polymer": "3.0.2"
      }
    },
    "@polymer/paper-behaviors": {
      "version": "3.0.0-pre.21",
      "resolved": "https://registry.npmjs.org/@polymer/paper-behaviors/-/paper-behaviors-3.0.0-pre.21.tgz",
      "integrity": "sha512-CiS/1K9b+b5qxpykr5P/ZeO5le06H7aaR/ymPWJ/m0ioFcSyzRPWlEwjDwiqqCBCmwmdsLXvLYmB2Z6oLiXqPQ==",
      "requires": {
        "@polymer/iron-behaviors": "3.0.0-pre.21",
        "@polymer/iron-checked-element-behavior": "3.0.0-pre.21",
        "@polymer/paper-ripple": "3.0.0-pre.21",
        "@polymer/polymer": "3.0.2"
      }
    },
    "@polymer/paper-button": {
      "version": "3.0.0-pre.21",
      "resolved": "https://registry.npmjs.org/@polymer/paper-button/-/paper-button-3.0.0-pre.21.tgz",
      "integrity": "sha512-V4GBy/3MK0uA3XRwds87XxCCGVUdsSi4gzCw4wBXtJdPF/nUr/mWPgUcQO7bx4Yz7Bih7PxYcRPSPN5lucMjRw==",
      "requires": {
        "@polymer/iron-flex-layout": "3.0.0-pre.21",
        "@polymer/paper-behaviors": "3.0.0-pre.21",
        "@polymer/paper-styles": "3.0.0-pre.21",
        "@polymer/polymer": "3.0.2"
      }
    },
    "@polymer/paper-checkbox": {
      "version": "3.0.0-pre.21",
      "resolved": "https://registry.npmjs.org/@polymer/paper-checkbox/-/paper-checkbox-3.0.0-pre.21.tgz",
      "integrity": "sha512-hse+QWlc0PhMeEc8t9cD42hCwfclezp+aGl2MVNnzu5YE/fiUeBx/joSIq6v2Q4O/PuXiqVOmLBX+MPqtv6/dA==",
      "requires": {
        "@polymer/iron-a11y-keys-behavior": "3.0.0-pre.21",
        "@polymer/iron-checked-element-behavior": "3.0.0-pre.21",
        "@polymer/paper-behaviors": "3.0.0-pre.21",
        "@polymer/paper-ripple": "3.0.0-pre.21",
        "@polymer/paper-styles": "3.0.0-pre.21",
        "@polymer/polymer": "3.0.2"
      }
    },
    "@polymer/paper-icon-button": {
      "version": "3.0.0-pre.21",
      "resolved": "https://registry.npmjs.org/@polymer/paper-icon-button/-/paper-icon-button-3.0.0-pre.21.tgz",
      "integrity": "sha512-H+kx7v6R7+Hd6A6hSt+bsCMzbTPArty8yGFqTKpjsvGFCVfRHcIwoKrHqgQ0CX/JHmn2Zs+tF0IIdtiHjJYegg==",
      "requires": {
        "@polymer/iron-icon": "3.0.0-pre.21",
        "@polymer/paper-behaviors": "3.0.0-pre.21",
        "@polymer/paper-styles": "3.0.0-pre.21",
        "@polymer/polymer": "3.0.2"
      }
    },
    "@polymer/paper-ripple": {
      "version": "3.0.0-pre.21",
      "resolved": "https://registry.npmjs.org/@polymer/paper-ripple/-/paper-ripple-3.0.0-pre.21.tgz",
      "integrity": "sha512-qqNdU1/57WtMr+3NiAVI2zXw4LrEX9QD9jwifIgJXWj+lqe0YMeKrXOvCYHvV8nv9Owq7dRGvhOXM++E+imoLQ==",
      "requires": {
        "@polymer/iron-a11y-keys-behavior": "3.0.0-pre.21",
        "@polymer/polymer": "3.0.2"
      }
    },
    "@polymer/paper-spinner": {
      "version": "3.0.0-pre.21",
      "resolved": "https://registry.npmjs.org/@polymer/paper-spinner/-/paper-spinner-3.0.0-pre.21.tgz",
      "integrity": "sha512-pidDc+/31iHLicOexx9Skg52RpgU5KMmq9/pPPHIhf2p1SKlM656MXb8yLy2NQ2ZRMoVGa47ukz3q4E6KPZTfg==",
      "requires": {
        "@polymer/paper-styles": "3.0.0-pre.21",
        "@polymer/polymer": "3.0.2"
      }
    },
    "@polymer/paper-styles": {
      "version": "3.0.0-pre.21",
      "resolved": "https://registry.npmjs.org/@polymer/paper-styles/-/paper-styles-3.0.0-pre.21.tgz",
      "integrity": "sha512-GJB0EirkY17N05kbTMDa8aABvQ2GIE95LMt7aOy16VG6sjh1TFS0gUOnoGgHA7ZUUZsOP3BdNqxKYzgQ+9m/GA==",
      "requires": {
        "@polymer/font-roboto": "3.0.0-pre.21",
        "@polymer/iron-flex-layout": "3.0.0-pre.21",
        "@polymer/polymer": "3.0.2"
      }
    },
    "@polymer/paper-tabs": {
      "version": "3.0.0-pre.21",
      "resolved": "https://registry.npmjs.org/@polymer/paper-tabs/-/paper-tabs-3.0.0-pre.21.tgz",
      "integrity": "sha512-kxjTRrieGNggKwSI4iGLghxeTWsH81udPqa/GWXr3jBAVhdHxJ11ebpi0af4ES6sUWFEoAPsSA8PWM8aHRx3xw==",
      "requires": {
        "@polymer/iron-behaviors": "3.0.0-pre.21",
        "@polymer/iron-flex-layout": "3.0.0-pre.21",
        "@polymer/iron-icon": "3.0.0-pre.21",
        "@polymer/iron-iconset-svg": "3.0.0-pre.21",
        "@polymer/iron-menu-behavior": "3.0.0-pre.21",
        "@polymer/iron-resizable-behavior": "3.0.0-pre.21",
        "@polymer/paper-behaviors": "3.0.0-pre.21",
        "@polymer/paper-icon-button": "3.0.0-pre.21",
        "@polymer/paper-styles": "3.0.0-pre.21",
        "@polymer/polymer": "3.0.2"
      }
    },
    "@polymer/paper-toast": {
      "version": "3.0.0-pre.21",
      "resolved": "https://registry.npmjs.org/@polymer/paper-toast/-/paper-toast-3.0.0-pre.21.tgz",
      "integrity": "sha512-7jaAfpYxz86CUcgUhE/CCrCSh5kMNIC6c0+rerUozraVOmbbQGO2C4CLu/8aaJjxzqPdnTxyZwME82zHCu2qhw==",
      "requires": {
        "@polymer/iron-a11y-announcer": "3.0.0-pre.21",
        "@polymer/iron-fit-behavior": "3.0.0-pre.21",
        "@polymer/iron-overlay-behavior": "3.0.0-pre.21",
        "@polymer/polymer": "3.0.2"
      }
    },
    "@polymer/polymer": {
      "version": "3.0.2",
      "resolved": "https://registry.npmjs.org/@polymer/polymer/-/polymer-3.0.2.tgz",
      "integrity": "sha512-ow8AAjTe9ps8bantY9IvL0PT+xHf5VN3Cjahfr7gBJAc0lv3jTwGBv7pso65SHyrUJEEHeakhx6iPMl7qY4tfw==",
      "requires": {
        "@webcomponents/shadycss": "1.3.1"
      }
    },
    "@webcomponents/shadycss": {
      "version": "1.3.1",
      "resolved": "https://registry.npmjs.org/@webcomponents/shadycss/-/shadycss-1.3.1.tgz",
      "integrity": "sha512-U/j4nODWIq0U9v0ll48dj4U4YgTqsVeRt0LKei0GA10JUpnZnORoIByY5+7m9G6KWIAj2mT9KtuUOnn7u93VXg=="
    },
    "@webcomponents/webcomponentsjs": {
      "version": "2.0.2",
      "resolved": "https://registry.npmjs.org/@webcomponents/webcomponentsjs/-/webcomponentsjs-2.0.2.tgz",
      "integrity": "sha512-+3515t7jnWsx+mNRECwXbjXBM0DLCNB4uH4DSIbu7akIJn0tO2GZuLvZeBhXbRFQLfohN+2ZTWT44A6EtPhVqA=="
    }
  }
}
